
Microsoft Visual Studio Solution File, Format Version 12.00
# Visual Studio 14
VisualStudioVersion = 14.0.21922.0
MinimumVisualStudioVersion = 10.0.40219.1
Project("{FAE04EC0-301F-11D3-BF4B-00C04F79EFBC}") = "vstest.diag", "vstest.diag\vstest.diag.csproj", "{8AF4B5B5-13ED-4C38-BCBB-A2E44C809EF8}"
EndProject
Project("{FAE04EC0-301F-11D3-BF4B-00C04F79EFBC}") = "vstest.diag.test", "vstest.diag.test\vstest.diag.test.csproj", "{587A7A73-CBAC-4173-9F87-00ADCC05682D}"
EndProject
Global
	GlobalSection(SolutionConfigurationPlatforms) = preSolution
		Debug|Any CPU = Debug|Any CPU
		Release|Any CPU = Release|Any CPU
	EndGlobalSection
	GlobalSection(ProjectConfigurationPlatforms) = postSolution
		{8AF4B5B5-13ED-4C38-BCBB-A2E44C809EF8}.Debug|Any CPU.ActiveCfg = Debug|Any CPU
		{8AF4B5B5-13ED-4C38-BCBB-A2E44C809EF8}.Debug|Any CPU.Build.0 = Debug|Any CPU
		{8AF4B5B5-13ED-4C38-BCBB-A2E44C809EF8}.Release|Any CPU.ActiveCfg = Release|Any CPU
		{8AF4B5B5-13ED-4C38-BCBB-A2E44C809EF8}.Release|Any CPU.Build.0 = Release|Any CPU
		{587A7A73-CBAC-4173-9F87-00ADCC05682D}.Debug|Any CPU.ActiveCfg = Debug|Any CPU
		{587A7A73-CBAC-4173-9F87-00ADCC05682D}.Debug|Any CPU.Build.0 = Debug|Any CPU
		{587A7A73-CBAC-4173-9F87-00ADCC05682D}.Release|Any CPU.ActiveCfg = Release|Any CPU
		{587A7A73-CBAC-4173-9F87-00ADCC05682D}.Release|Any CPU.Build.0 = Release|Any CPU
	EndGlobalSection
	GlobalSection(SolutionProperties) = preSolution
		HideSolutionNode = FALSE
	EndGlobalSection
EndGlobal
